// !$*UTF8*$!
{
	archiveVersion = 1;
	classes = {
	};
	objectVersion = 56;
	objects = {

/* Begin PBXBuildFile section */
		3FE543832A57395D0096AC41 /* SidebarView.swift in Sources */ = {isa = PBXBuildFile; fileRef = 3FE543822A57395D0096AC41 /* SidebarView.swift */; };
		3FE543852A5739670096AC41 /* DetailView.swift in Sources */ = {isa = PBXBuildFile; fileRef = 3FE543842A5739670096AC41 /* DetailView.swift */; };
		3FE543872A573B980096AC41 /* Filter.swift in Sources */ = {isa = PBXBuildFile; fileRef = 3FE543862A573B980096AC41 /* Filter.swift */; };
		3FFEFAAA2A43776C008873CA /* UltimatePortfolioApp.swift in Sources */ = {isa = PBXBuildFile; fileRef = 3FFEFAA92A43776C008873CA /* UltimatePortfolioApp.swift */; };
		3FFEFAAC2A43776C008873CA /* ContentView.swift in Sources */ = {isa = PBXBuildFile; fileRef = 3FFEFAAB2A43776C008873CA /* ContentView.swift */; };
		3FFEFAAE2A43776E008873CA /* Assets.xcassets in Resources */ = {isa = PBXBuildFile; fileRef = 3FFEFAAD2A43776E008873CA /* Assets.xcassets */; };
		3FFEFAB12A43776E008873CA /* Preview Assets.xcassets in Resources */ = {isa = PBXBuildFile; fileRef = 3FFEFAB02A43776E008873CA /* Preview Assets.xcassets */; };
		3FFEFABB2A43776E008873CA /* UltimatePortfolioTests.swift in Sources */ = {isa = PBXBuildFile; fileRef = 3FFEFABA2A43776E008873CA /* UltimatePortfolioTests.swift */; };
		3FFEFAC52A43776E008873CA /* UltimatePortfolioUITests.swift in Sources */ = {isa = PBXBuildFile; fileRef = 3FFEFAC42A43776E008873CA /* UltimatePortfolioUITests.swift */; };
		3FFEFAC72A43776E008873CA /* UltimatePortfolioUITestsLaunchTests.swift in Sources */ = {isa = PBXBuildFile; fileRef = 3FFEFAC62A43776E008873CA /* UltimatePortfolioUITestsLaunchTests.swift */; };
		3FFEFAD52A437975008873CA /* main.xcdatamodeld in Sources */ = {isa = PBXBuildFile; fileRef = 3FFEFAD32A437975008873CA /* main.xcdatamodeld */; };
		3FFEFAD72A437DA0008873CA /* DataController.swift in Sources */ = {isa = PBXBuildFile; fileRef = 3FFEFAD62A437DA0008873CA /* DataController.swift */; };
/* End PBXBuildFile section */

/* Begin PBXContainerItemProxy section */
		3FFEFAB72A43776E008873CA /* PBXContainerItemProxy */ = {
			isa = PBXContainerItemProxy;
			containerPortal = 3FFEFA9E2A43776C008873CA /* Project object */;
			proxyType = 1;
			remoteGlobalIDString = 3FFEFAA52A43776C008873CA;
			remoteInfo = UltimatePortfolio;
		};
		3FFEFAC12A43776E008873CA /* PBXContainerItemProxy */ = {
			isa = PBXContainerItemProxy;
			containerPortal = 3FFEFA9E2A43776C008873CA /* Project object */;
			proxyType = 1;
			remoteGlobalIDString = 3FFEFAA52A43776C008873CA;
			remoteInfo = UltimatePortfolio;
		};
/* End PBXContainerItemProxy section */

/* Begin PBXFileReference section */
		3FE543802A5737D20096AC41 /* Info.plist */ = {isa = PBXFileReference; lastKnownFileType = text.plist; path = Info.plist; sourceTree = "<group>"; };
		3FE543812A5737D80096AC41 /* UltimatePortfolio.entitlements */ = {isa = PBXFileReference; lastKnownFileType = text.plist.entitlements; path = UltimatePortfolio.entitlements; sourceTree = "<group>"; };
		3FE543822A57395D0096AC41 /* SidebarView.swift */ = {isa = PBXFileReference; lastKnownFileType = sourcecode.swift; path = SidebarView.swift; sourceTree = "<group>"; };
		3FE543842A5739670096AC41 /* DetailView.swift */ = {isa = PBXFileReference; lastKnownFileType = sourcecode.swift; path = DetailView.swift; sourceTree = "<group>"; };
		3FE543862A573B980096AC41 /* Filter.swift */ = {isa = PBXFileReference; lastKnownFileType = sourcecode.swift; path = Filter.swift; sourceTree = "<group>"; };
		3FFEFAA62A43776C008873CA /* UltimatePortfolio.app */ = {isa = PBXFileReference; explicitFileType = wrapper.application; includeInIndex = 0; path = UltimatePortfolio.app; sourceTree = BUILT_PRODUCTS_DIR; };
		3FFEFAA92A43776C008873CA /* UltimatePortfolioApp.swift */ = {isa = PBXFileReference; lastKnownFileType = sourcecode.swift; path = UltimatePortfolioApp.swift; sourceTree = "<group>"; };
		3FFEFAAB2A43776C008873CA /* ContentView.swift */ = {isa = PBXFileReference; lastKnownFileType = sourcecode.swift; path = ContentView.swift; sourceTree = "<group>"; };
		3FFEFAAD2A43776E008873CA /* Assets.xcassets */ = {isa = PBXFileReference; lastKnownFileType = folder.assetcatalog; path = Assets.xcassets; sourceTree = "<group>"; };
		3FFEFAB02A43776E008873CA /* Preview Assets.xcassets */ = {isa = PBXFileReference; lastKnownFileType = folder.assetcatalog; path = "Preview Assets.xcassets"; sourceTree = "<group>"; };
		3FFEFAB62A43776E008873CA /* UltimatePortfolioTests.xctest */ = {isa = PBXFileReference; explicitFileType = wrapper.cfbundle; includeInIndex = 0; path = UltimatePortfolioTests.xctest; sourceTree = BUILT_PRODUCTS_DIR; };
		3FFEFABA2A43776E008873CA /* UltimatePortfolioTests.swift */ = {isa = PBXFileReference; lastKnownFileType = sourcecode.swift; path = UltimatePortfolioTests.swift; sourceTree = "<group>"; };
		3FFEFAC02A43776E008873CA /* UltimatePortfolioUITests.xctest */ = {isa = PBXFileReference; explicitFileType = wrapper.cfbundle; includeInIndex = 0; path = UltimatePortfolioUITests.xctest; sourceTree = BUILT_PRODUCTS_DIR; };
		3FFEFAC42A43776E008873CA /* UltimatePortfolioUITests.swift */ = {isa = PBXFileReference; lastKnownFileType = sourcecode.swift; path = UltimatePortfolioUITests.swift; sourceTree = "<group>"; };
		3FFEFAC62A43776E008873CA /* UltimatePortfolioUITestsLaunchTests.swift */ = {isa = PBXFileReference; lastKnownFileType = sourcecode.swift; path = UltimatePortfolioUITestsLaunchTests.swift; sourceTree = "<group>"; };
		3FFEFAD42A437975008873CA /* main.xcdatamodel */ = {isa = PBXFileReference; lastKnownFileType = wrapper.xcdatamodel; path = main.xcdatamodel; sourceTree = "<group>"; };
		3FFEFAD62A437DA0008873CA /* DataController.swift */ = {isa = PBXFileReference; lastKnownFileType = sourcecode.swift; path = DataController.swift; sourceTree = "<group>"; };
/* End PBXFileReference section */

/* Begin PBXFrameworksBuildPhase section */
		3FFEFAA32A43776C008873CA /* Frameworks */ = {
			isa = PBXFrameworksBuildPhase;
			buildActionMask = 2147483647;
			files = (
			);
			runOnlyForDeploymentPostprocessing = 0;
		};
		3FFEFAB32A43776E008873CA /* Frameworks */ = {
			isa = PBXFrameworksBuildPhase;
			buildActionMask = 2147483647;
			files = (
			);
			runOnlyForDeploymentPostprocessing = 0;
		};
		3FFEFABD2A43776E008873CA /* Frameworks */ = {
			isa = PBXFrameworksBuildPhase;
			buildActionMask = 2147483647;
			files = (
			);
			runOnlyForDeploymentPostprocessing = 0;
		};
/* End PBXFrameworksBuildPhase section */

/* Begin PBXGroup section */
		3FFEFA9D2A43776C008873CA = {
			isa = PBXGroup;
			children = (
				3FFEFAA82A43776C008873CA /* UltimatePortfolio */,
				3FFEFAB92A43776E008873CA /* UltimatePortfolioTests */,
				3FFEFAC32A43776E008873CA /* UltimatePortfolioUITests */,
				3FFEFAA72A43776C008873CA /* Products */,
			);
			sourceTree = "<group>";
		};
		3FFEFAA72A43776C008873CA /* Products */ = {
			isa = PBXGroup;
			children = (
				3FFEFAA62A43776C008873CA /* UltimatePortfolio.app */,
				3FFEFAB62A43776E008873CA /* UltimatePortfolioTests.xctest */,
				3FFEFAC02A43776E008873CA /* UltimatePortfolioUITests.xctest */,
			);
			name = Products;
			sourceTree = "<group>";
		};
		3FFEFAA82A43776C008873CA /* UltimatePortfolio */ = {
			isa = PBXGroup;
			children = (
				3FE543812A5737D80096AC41 /* UltimatePortfolio.entitlements */,
				3FE543802A5737D20096AC41 /* Info.plist */,
				3FFEFAD62A437DA0008873CA /* DataController.swift */,
				3FFEFAA92A43776C008873CA /* UltimatePortfolioApp.swift */,
				3FE543862A573B980096AC41 /* Filter.swift */,
				3FE543822A57395D0096AC41 /* SidebarView.swift */,
				3FFEFAAB2A43776C008873CA /* ContentView.swift */,
				3FE543842A5739670096AC41 /* DetailView.swift */,
				3FFEFAD32A437975008873CA /* main.xcdatamodeld */,
				3FFEFAAD2A43776E008873CA /* Assets.xcassets */,
				3FFEFAAF2A43776E008873CA /* Preview Content */,
			);
			path = UltimatePortfolio;
			sourceTree = "<group>";
		};
		3FFEFAAF2A43776E008873CA /* Preview Content */ = {
			isa = PBXGroup;
			children = (
				3FFEFAB02A43776E008873CA /* Preview Assets.xcassets */,
			);
			path = "Preview Content";
			sourceTree = "<group>";
		};
		3FFEFAB92A43776E008873CA /* UltimatePortfolioTests */ = {
			isa = PBXGroup;
			children = (
				3FFEFABA2A43776E008873CA /* UltimatePortfolioTests.swift */,
			);
			path = UltimatePortfolioTests;
			sourceTree = "<group>";
		};
		3FFEFAC32A43776E008873CA /* UltimatePortfolioUITests */ = {
			isa = PBXGroup;
			children = (
				3FFEFAC42A43776E008873CA /* UltimatePortfolioUITests.swift */,
				3FFEFAC62A43776E008873CA /* UltimatePortfolioUITestsLaunchTests.swift */,
			);
			path = UltimatePortfolioUITests;
			sourceTree = "<group>";
		};
/* End PBXGroup section */

/* Begin PBXNativeTarget section */
		3FFEFAA52A43776C008873CA /* UltimatePortfolio */ = {
			isa = PBXNativeTarget;
			buildConfigurationList = 3FFEFACA2A43776E008873CA /* Build configuration list for PBXNativeTarget "UltimatePortfolio" */;
			buildPhases = (
				3FFEFAA22A43776C008873CA /* Sources */,
				3FFEFAA32A43776C008873CA /* Frameworks */,
				3FFEFAA42A43776C008873CA /* Resources */,
			);
			buildRules = (
			);
			dependencies = (
			);
			name = UltimatePortfolio;
			productName = UltimatePortfolio;
			productReference = 3FFEFAA62A43776C008873CA /* UltimatePortfolio.app */;
			productType = "com.apple.product-type.application";
		};
		3FFEFAB52A43776E008873CA /* UltimatePortfolioTests */ = {
			isa = PBXNativeTarget;
			buildConfigurationList = 3FFEFACD2A43776E008873CA /* Build configuration list for PBXNativeTarget "UltimatePortfolioTests" */;
			buildPhases = (
				3FFEFAB22A43776E008873CA /* Sources */,
				3FFEFAB32A43776E008873CA /* Frameworks */,
				3FFEFAB42A43776E008873CA /* Resources */,
			);
			buildRules = (
			);
			dependencies = (
				3FFEFAB82A43776E008873CA /* PBXTargetDependency */,
			);
			name = UltimatePortfolioTests;
			productName = UltimatePortfolioTests;
			productReference = 3FFEFAB62A43776E008873CA /* UltimatePortfolioTests.xctest */;
			productType = "com.apple.product-type.bundle.unit-test";
		};
		3FFEFABF2A43776E008873CA /* UltimatePortfolioUITests */ = {
			isa = PBXNativeTarget;
			buildConfigurationList = 3FFEFAD02A43776E008873CA /* Build configuration list for PBXNativeTarget "UltimatePortfolioUITests" */;
			buildPhases = (
				3FFEFABC2A43776E008873CA /* Sources */,
				3FFEFABD2A43776E008873CA /* Frameworks */,
				3FFEFABE2A43776E008873CA /* Resources */,
			);
			buildRules = (
			);
			dependencies = (
				3FFEFAC22A43776E008873CA /* PBXTargetDependency */,
			);
			name = UltimatePortfolioUITests;
			productName = UltimatePortfolioUITests;
			productReference = 3FFEFAC02A43776E008873CA /* UltimatePortfolioUITests.xctest */;
			productType = "com.apple.product-type.bundle.ui-testing";
		};
/* End PBXNativeTarget section */

/* Begin PBXProject section */
		3FFEFA9E2A43776C008873CA /* Project object */ = {
			isa = PBXProject;
			attributes = {
				BuildIndependentTargetsInParallel = 1;
				LastSwiftUpdateCheck = 1410;
				LastUpgradeCheck = 1410;
				TargetAttributes = {
					3FFEFAA52A43776C008873CA = {
						CreatedOnToolsVersion = 14.1;
					};
					3FFEFAB52A43776E008873CA = {
						CreatedOnToolsVersion = 14.1;
						TestTargetID = 3FFEFAA52A43776C008873CA;
					};
					3FFEFABF2A43776E008873CA = {
						CreatedOnToolsVersion = 14.1;
						TestTargetID = 3FFEFAA52A43776C008873CA;
					};
				};
			};
			buildConfigurationList = 3FFEFAA12A43776C008873CA /* Build configuration list for PBXProject "UltimatePortfolio" */;
			compatibilityVersion = "Xcode 14.0";
			developmentRegion = en;
			hasScannedForEncodings = 0;
			knownRegions = (
				en,
				Base,
			);
			mainGroup = 3FFEFA9D2A43776C008873CA;
			productRefGroup = 3FFEFAA72A43776C008873CA /* Products */;
			projectDirPath = "";
			projectRoot = "";
			targets = (
				3FFEFAA52A43776C008873CA /* UltimatePortfolio */,
				3FFEFAB52A43776E008873CA /* UltimatePortfolioTests */,
				3FFEFABF2A43776E008873CA /* UltimatePortfolioUITests */,
			);
		};
/* End PBXProject section */

/* Begin PBXResourcesBuildPhase section */
		3FFEFAA42A43776C008873CA /* Resources */ = {
			isa = PBXResourcesBuildPhase;
			buildActionMask = 2147483647;
			files = (
				3FFEFAB12A43776E008873CA /* Preview Assets.xcassets in Resources */,
				3FFEFAAE2A43776E008873CA /* Assets.xcassets in Resources */,
			);
			runOnlyForDeploymentPostprocessing = 0;
		};
		3FFEFAB42A43776E008873CA /* Resources */ = {
			isa = PBXResourcesBuildPhase;
			buildActionMask = 2147483647;
			files = (
			);
			runOnlyForDeploymentPostprocessing = 0;
		};
		3FFEFABE2A43776E008873CA /* Resources */ = {
			isa = PBXResourcesBuildPhase;
			buildActionMask = 2147483647;
			files = (
			);
			runOnlyForDeploymentPostprocessing = 0;
		};
/* End PBXResourcesBuildPhase section */

/* Begin PBXSourcesBuildPhase section */
		3FFEFAA22A43776C008873CA /* Sources */ = {
			isa = PBXSourcesBuildPhase;
			buildActionMask = 2147483647;
			files = (
				3FE543872A573B980096AC41 /* Filter.swift in Sources */,
				3FFEFAAC2A43776C008873CA /* ContentView.swift in Sources */,
				3FE543852A5739670096AC41 /* DetailView.swift in Sources */,
				3FFEFAD72A437DA0008873CA /* DataController.swift in Sources */,
				3FE543832A57395D0096AC41 /* SidebarView.swift in Sources */,
				3FFEFAD52A437975008873CA /* main.xcdatamodeld in Sources */,
				3FFEFAAA2A43776C008873CA /* UltimatePortfolioApp.swift in Sources */,
			);
			runOnlyForDeploymentPostprocessing = 0;
		};
		3FFEFAB22A43776E008873CA /* Sources */ = {
			isa = PBXSourcesBuildPhase;
			buildActionMask = 2147483647;
			files = (
				3FFEFABB2A43776E008873CA /* UltimatePortfolioTests.swift in Sources */,
			);
			runOnlyForDeploymentPostprocessing = 0;
		};
		3FFEFABC2A43776E008873CA /* Sources */ = {
			isa = PBXSourcesBuildPhase;
			buildActionMask = 2147483647;
			files = (
				3FFEFAC72A43776E008873CA /* UltimatePortfolioUITestsLaunchTests.swift in Sources */,
				3FFEFAC52A43776E008873CA /* UltimatePortfolioUITests.swift in Sources */,
			);
			runOnlyForDeploymentPostprocessing = 0;
		};
/* End PBXSourcesBuildPhase section */

/* Begin PBXTargetDependency section */
		3FFEFAB82A43776E008873CA /* PBXTargetDependency */ = {
			isa = PBXTargetDependency;
			target = 3FFEFAA52A43776C008873CA /* UltimatePortfolio */;
			targetProxy = 3FFEFAB72A43776E008873CA /* PBXContainerItemProxy */;
		};
		3FFEFAC22A43776E008873CA /* PBXTargetDependency */ = {
			isa = PBXTargetDependency;
			target = 3FFEFAA52A43776C008873CA /* UltimatePortfolio */;
			targetProxy = 3FFEFAC12A43776E008873CA /* PBXContainerItemProxy */;
		};
/* End PBXTargetDependency section */

/* Begin XCBuildConfiguration section */
		3FFEFAC82A43776E008873CA /* Debug */ = {
			isa = XCBuildConfiguration;
			buildSettings = {
				ALWAYS_SEARCH_USER_PATHS = NO;
				CLANG_ANALYZER_NONNULL = YES;
				CLANG_ANALYZER_NUMBER_OBJECT_CONVERSION = YES_AGGRESSIVE;
				CLANG_CXX_LANGUAGE_STANDARD = "gnu++20";
				CLANG_ENABLE_MODULES = YES;
				CLANG_ENABLE_OBJC_ARC = YES;
				CLANG_ENABLE_OBJC_WEAK = YES;
				CLANG_WARN_BLOCK_CAPTURE_AUTORELEASING = YES;
				CLANG_WARN_BOOL_CONVERSION = YES;
				CLANG_WARN_COMMA = YES;
				CLANG_WARN_CONSTANT_CONVERSION = YES;
				CLANG_WARN_DEPRECATED_OBJC_IMPLEMENTATIONS = YES;
				CLANG_WARN_DIRECT_OBJC_ISA_USAGE = YES_ERROR;
				CLANG_WARN_DOCUMENTATION_COMMENTS = YES;
				CLANG_WARN_EMPTY_BODY = YES;
				CLANG_WARN_ENUM_CONVERSION = YES;
				CLANG_WARN_INFINITE_RECURSION = YES;
				CLANG_WARN_INT_CONVERSION = YES;
				CLANG_WARN_NON_LITERAL_NULL_CONVERSION = YES;
				CLANG_WARN_OBJC_IMPLICIT_RETAIN_SELF = YES;
				CLANG_WARN_OBJC_LITERAL_CONVERSION = YES;
				CLANG_WARN_OBJC_ROOT_CLASS = YES_ERROR;
				CLANG_WARN_QUOTED_INCLUDE_IN_FRAMEWORK_HEADER = YES;
				CLANG_WARN_RANGE_LOOP_ANALYSIS = YES;
				CLANG_WARN_STRICT_PROTOTYPES = YES;
				CLANG_WARN_SUSPICIOUS_MOVE = YES;
				CLANG_WARN_UNGUARDED_AVAILABILITY = YES_AGGRESSIVE;
				CLANG_WARN_UNREACHABLE_CODE = YES;
				CLANG_WARN__DUPLICATE_METHOD_MATCH = YES;
				COPY_PHASE_STRIP = NO;
				DEBUG_INFORMATION_FORMAT = dwarf;
				ENABLE_STRICT_OBJC_MSGSEND = YES;
				ENABLE_TESTABILITY = YES;
				GCC_C_LANGUAGE_STANDARD = gnu11;
				GCC_DYNAMIC_NO_PIC = NO;
				GCC_NO_COMMON_BLOCKS = YES;
				GCC_OPTIMIZATION_LEVEL = 0;
				GCC_PREPROCESSOR_DEFINITIONS = (
					"DEBUG=1",
					"$(inherited)",
				);
				GCC_WARN_64_TO_32_BIT_CONVERSION = YES;
				GCC_WARN_ABOUT_RETURN_TYPE = YES_ERROR;
				GCC_WARN_UNDECLARED_SELECTOR = YES;
				GCC_WARN_UNINITIALIZED_AUTOS = YES_AGGRESSIVE;
				GCC_WARN_UNUSED_FUNCTION = YES;
				GCC_WARN_UNUSED_VARIABLE = YES;
				IPHONEOS_DEPLOYMENT_TARGET = 16.1;
				MTL_ENABLE_DEBUG_INFO = INCLUDE_SOURCE;
				MTL_FAST_MATH = YES;
				ONLY_ACTIVE_ARCH = YES;
				SDKROOT = iphoneos;
				SWIFT_ACTIVE_COMPILATION_CONDITIONS = DEBUG;
				SWIFT_OPTIMIZATION_LEVEL = "-Onone";
			};
			name = Debug;
		};
		3FFEFAC92A43776E008873CA /* Release */ = {
			isa = XCBuildConfiguration;
			buildSettings = {
				ALWAYS_SEARCH_USER_PATHS = NO;
				CLANG_ANALYZER_NONNULL = YES;
				CLANG_ANALYZER_NUMBER_OBJECT_CONVERSION = YES_AGGRESSIVE;
				CLANG_CXX_LANGUAGE_STANDARD = "gnu++20";
				CLANG_ENABLE_MODULES = YES;
				CLANG_ENABLE_OBJC_ARC = YES;
				CLANG_ENABLE_OBJC_WEAK = YES;
				CLANG_WARN_BLOCK_CAPTURE_AUTORELEASING = YES;
				CLANG_WARN_BOOL_CONVERSION = YES;
				CLANG_WARN_COMMA = YES;
				CLANG_WARN_CONSTANT_CONVERSION = YES;
				CLANG_WARN_DEPRECATED_OBJC_IMPLEMENTATIONS = YES;
				CLANG_WARN_DIRECT_OBJC_ISA_USAGE = YES_ERROR;
				CLANG_WARN_DOCUMENTATION_COMMENTS = YES;
				CLANG_WARN_EMPTY_BODY = YES;
				CLANG_WARN_ENUM_CONVERSION = YES;
				CLANG_WARN_INFINITE_RECURSION = YES;
				CLANG_WARN_INT_CONVERSION = YES;
				CLANG_WARN_NON_LITERAL_NULL_CONVERSION = YES;
				CLANG_WARN_OBJC_IMPLICIT_RETAIN_SELF = YES;
				CLANG_WARN_OBJC_LITERAL_CONVERSION = YES;
				CLANG_WARN_OBJC_ROOT_CLASS = YES_ERROR;
				CLANG_WARN_QUOTED_INCLUDE_IN_FRAMEWORK_HEADER = YES;
				CLANG_WARN_RANGE_LOOP_ANALYSIS = YES;
				CLANG_WARN_STRICT_PROTOTYPES = YES;
				CLANG_WARN_SUSPICIOUS_MOVE = YES;
				CLANG_WARN_UNGUARDED_AVAILABILITY = YES_AGGRESSIVE;
				CLANG_WARN_UNREACHABLE_CODE = YES;
				CLANG_WARN__DUPLICATE_METHOD_MATCH = YES;
				COPY_PHASE_STRIP = NO;
				DEBUG_INFORMATION_FORMAT = "dwarf-with-dsym";
				ENABLE_NS_ASSERTIONS = NO;
				ENABLE_STRICT_OBJC_MSGSEND = YES;
				GCC_C_LANGUAGE_STANDARD = gnu11;
				GCC_NO_COMMON_BLOCKS = YES;
				GCC_WARN_64_TO_32_BIT_CONVERSION = YES;
				GCC_WARN_ABOUT_RETURN_TYPE = YES_ERROR;
				GCC_WARN_UNDECLARED_SELECTOR = YES;
				GCC_WARN_UNINITIALIZED_AUTOS = YES_AGGRESSIVE;
				GCC_WARN_UNUSED_FUNCTION = YES;
				GCC_WARN_UNUSED_VARIABLE = YES;
				IPHONEOS_DEPLOYMENT_TARGET = 16.1;
				MTL_ENABLE_DEBUG_INFO = NO;
				MTL_FAST_MATH = YES;
				SDKROOT = iphoneos;
				SWIFT_COMPILATION_MODE = wholemodule;
				SWIFT_OPTIMIZATION_LEVEL = "-O";
				VALIDATE_PRODUCT = YES;
			};
			name = Release;
		};
		3FFEFACB2A43776E008873CA /* Debug */ = {
			isa = XCBuildConfiguration;
			buildSettings = {
				ASSETCATALOG_COMPILER_APPICON_NAME = AppIcon;
				ASSETCATALOG_COMPILER_GLOBAL_ACCENT_COLOR_NAME = AccentColor;
				CODE_SIGN_ENTITLEMENTS = UltimatePortfolio/UltimatePortfolio.entitlements;
				CODE_SIGN_STYLE = Automatic;
				CURRENT_PROJECT_VERSION = 1;
				DEVELOPMENT_ASSET_PATHS = "\"UltimatePortfolio/Preview Content\"";
				DEVELOPMENT_TEAM = "";
				ENABLE_PREVIEWS = YES;
				GENERATE_INFOPLIST_FILE = YES;
				INFOPLIST_FILE = UltimatePortfolio/Info.plist;
				INFOPLIST_KEY_UIApplicationSceneManifest_Generation = YES;
				INFOPLIST_KEY_UIApplicationSupportsIndirectInputEvents = YES;
				INFOPLIST_KEY_UILaunchScreen_Generation = YES;
				INFOPLIST_KEY_UISupportedInterfaceOrientations_iPad = "UIInterfaceOrientationPortrait UIInterfaceOrientationPortraitUpsideDown UIInterfaceOrientationLandscapeLeft UIInterfaceOrientationLandscapeRight";
				INFOPLIST_KEY_UISupportedInterfaceOrientations_iPhone = "UIInterfaceOrientationPortrait UIInterfaceOrientationLandscapeLeft UIInterfaceOrientationLandscapeRight";
				LD_RUNPATH_SEARCH_PATHS = (
					"$(inherited)",
					"@executable_path/Frameworks",
				);
				MARKETING_VERSION = 1.0;
				PRODUCT_BUNDLE_IDENTIFIER = demo.UltimatePortfolio;
				PRODUCT_NAME = "$(TARGET_NAME)";
				SWIFT_EMIT_LOC_STRINGS = YES;
				SWIFT_VERSION = 5.0;
				TARGETED_DEVICE_FAMILY = "1,2";
			};
			name = Debug;
		};
		3FFEFACC2A43776E008873CA /* Release */ = {
			isa = XCBuildConfiguration;
			buildSettings = {
				ASSETCATALOG_COMPILER_APPICON_NAME = AppIcon;
				ASSETCATALOG_COMPILER_GLOBAL_ACCENT_COLOR_NAME = AccentColor;
				CODE_SIGN_ENTITLEMENTS = UltimatePortfolio/UltimatePortfolio.entitlements;
				CODE_SIGN_STYLE = Automatic;
				CURRENT_PROJECT_VERSION = 1;
				DEVELOPMENT_ASSET_PATHS = "\"UltimatePortfolio/Preview Content\"";
				DEVELOPMENT_TEAM = "";
				ENABLE_PREVIEWS = YES;
				GENERATE_INFOPLIST_FILE = YES;
				INFOPLIST_FILE = UltimatePortfolio/Info.plist;
				INFOPLIST_KEY_UIApplicationSceneManifest_Generation = YES;
				INFOPLIST_KEY_UIApplicationSupportsIndirectInputEvents = YES;
				INFOPLIST_KEY_UILaunchScreen_Generation = YES;
				INFOPLIST_KEY_UISupportedInterfaceOrientations_iPad = "UIInterfaceOrientationPortrait UIInterfaceOrientationPortraitUpsideDown UIInterfaceOrientationLandscapeLeft UIInterfaceOrientationLandscapeRight";
				INFOPLIST_KEY_UISupportedInterfaceOrientations_iPhone = "UIInterfaceOrientationPortrait UIInterfaceOrientationLandscapeLeft UIInterfaceOrientationLandscapeRight";
				LD_RUNPATH_SEARCH_PATHS = (
					"$(inherited)",
					"@executable_path/Frameworks",
				);
				MARKETING_VERSION = 1.0;
				PRODUCT_BUNDLE_IDENTIFIER = demo.UltimatePortfolio;
				PRODUCT_NAME = "$(TARGET_NAME)";
				SWIFT_EMIT_LOC_STRINGS = YES;
				SWIFT_VERSION = 5.0;
				TARGETED_DEVICE_FAMILY = "1,2";
			};
			name = Release;
		};
		3FFEFACE2A43776E008873CA /* Debug */ = {
			isa = XCBuildConfiguration;
			buildSettings = {
				ALWAYS_EMBED_SWIFT_STANDARD_LIBRARIES = YES;
				BUNDLE_LOADER = "$(TEST_HOST)";
				CODE_SIGN_STYLE = Automatic;
				CURRENT_PROJECT_VERSION = 1;
				GENERATE_INFOPLIST_FILE = YES;
				IPHONEOS_DEPLOYMENT_TARGET = 16.1;
				MARKETING_VERSION = 1.0;
				PRODUCT_BUNDLE_IDENTIFIER = demo.UltimatePortfolioTests;
				PRODUCT_NAME = "$(TARGET_NAME)";
				SWIFT_EMIT_LOC_STRINGS = NO;
				SWIFT_VERSION = 5.0;
				TARGETED_DEVICE_FAMILY = "1,2";
				TEST_HOST = "$(BUILT_PRODUCTS_DIR)/UltimatePortfolio.app/$(BUNDLE_EXECUTABLE_FOLDER_PATH)/UltimatePortfolio";
			};
			name = Debug;
		};
		3FFEFACF2A43776E008873CA /* Release */ = {
			isa = XCBuildConfiguration;
			buildSettings = {
				ALWAYS_EMBED_SWIFT_STANDARD_LIBRARIES = YES;
				BUNDLE_LOADER = "$(TEST_HOST)";
				CODE_SIGN_STYLE = Automatic;
				CURRENT_PROJECT_VERSION = 1;
				GENERATE_INFOPLIST_FILE = YES;
				IPHONEOS_DEPLOYMENT_TARGET = 16.1;
				MARKETING_VERSION = 1.0;
				PRODUCT_BUNDLE_IDENTIFIER = demo.UltimatePortfolioTests;
				PRODUCT_NAME = "$(TARGET_NAME)";
				SWIFT_EMIT_LOC_STRINGS = NO;
				SWIFT_VERSION = 5.0;
				TARGETED_DEVICE_FAMILY = "1,2";
				TEST_HOST = "$(BUILT_PRODUCTS_DIR)/UltimatePortfolio.app/$(BUNDLE_EXECUTABLE_FOLDER_PATH)/UltimatePortfolio";
			};
			name = Release;
		};
		3FFEFAD12A43776E008873CA /* Debug */ = {
			isa = XCBuildConfiguration;
			buildSettings = {
				ALWAYS_EMBED_SWIFT_STANDARD_LIBRARIES = YES;
				CODE_SIGN_STYLE = Automatic;
				CURRENT_PROJECT_VERSION = 1;
				GENERATE_INFOPLIST_FILE = YES;
				MARKETING_VERSION = 1.0;
				PRODUCT_BUNDLE_IDENTIFIER = demo.UltimatePortfolioUITests;
				PRODUCT_NAME = "$(TARGET_NAME)";
				SWIFT_EMIT_LOC_STRINGS = NO;
				SWIFT_VERSION = 5.0;
				TARGETED_DEVICE_FAMILY = "1,2";
				TEST_TARGET_NAME = UltimatePortfolio;
			};
			name = Debug;
		};
		3FFEFAD22A43776E008873CA /* Release */ = {
			isa = XCBuildConfiguration;
			buildSettings = {
				ALWAYS_EMBED_SWIFT_STANDARD_LIBRARIES = YES;
				CODE_SIGN_STYLE = Automatic;
				CURRENT_PROJECT_VERSION = 1;
				GENERATE_INFOPLIST_FILE = YES;
				MARKETING_VERSION = 1.0;
				PRODUCT_BUNDLE_IDENTIFIER = demo.UltimatePortfolioUITests;
				PRODUCT_NAME = "$(TARGET_NAME)";
				SWIFT_EMIT_LOC_STRINGS = NO;
				SWIFT_VERSION = 5.0;
				TARGETED_DEVICE_FAMILY = "1,2";
				TEST_TARGET_NAME = UltimatePortfolio;
			};
			name = Release;
		};
/* End XCBuildConfiguration section */

/* Begin XCConfigurationList section */
		3FFEFAA12A43776C008873CA /* Build configuration list for PBXProject "UltimatePortfolio" */ = {
			isa = XCConfigurationList;
			buildConfigurations = (
				3FFEFAC82A43776E008873CA /* Debug */,
				3FFEFAC92A43776E008873CA /* Release */,
			);
			defaultConfigurationIsVisible = 0;
			defaultConfigurationName = Release;
		};
		3FFEFACA2A43776E008873CA /* Build configuration list for PBXNativeTarget "UltimatePortfolio" */ = {
			isa = XCConfigurationList;
			buildConfigurations = (
				3FFEFACB2A43776E008873CA /* Debug */,
				3FFEFACC2A43776E008873CA /* Release */,
			);
			defaultConfigurationIsVisible = 0;
			defaultConfigurationName = Release;
		};
		3FFEFACD2A43776E008873CA /* Build configuration list for PBXNativeTarget "UltimatePortfolioTests" */ = {
			isa = XCConfigurationList;
			buildConfigurations = (
				3FFEFACE2A43776E008873CA /* Debug */,
				3FFEFACF2A43776E008873CA /* Release */,
			);
			defaultConfigurationIsVisible = 0;
			defaultConfigurationName = Release;
		};
		3FFEFAD02A43776E008873CA /* Build configuration list for PBXNativeTarget "UltimatePortfolioUITests" */ = {
			isa = XCConfigurationList;
			buildConfigurations = (
				3FFEFAD12A43776E008873CA /* Debug */,
				3FFEFAD22A43776E008873CA /* Release */,
			);
			defaultConfigurationIsVisible = 0;
			defaultConfigurationName = Release;
		};
/* End XCConfigurationList section */

/* Begin XCVersionGroup section */
		3FFEFAD32A437975008873CA /* main.xcdatamodeld */ = {
			isa = XCVersionGroup;
			children = (
				3FFEFAD42A437975008873CA /* main.xcdatamodel */,
			);
			currentVersion = 3FFEFAD42A437975008873CA /* main.xcdatamodel */;
			path = main.xcdatamodeld;
			sourceTree = "<group>";
			versionGroupType = wrapper.xcdatamodel;
		};
/* End XCVersionGroup section */
	};
	rootObject = 3FFEFA9E2A43776C008873CA /* Project object */;
}
